// !$*UTF8*$!
{
	archiveVersion = 1;
	classes = {
	};
	objectVersion = 55;
	objects = {

/* Begin PBXBuildFile section */
		C45387D52885438800AA0D4D /* CodeScanner in Frameworks */ = {isa = PBXBuildFile; productRef = C45387D42885438800AA0D4D /* CodeScanner */; };
		C48A15152880993C00C140C1 /* Hot_ProspectsApp.swift in Sources */ = {isa = PBXBuildFile; fileRef = C48A15142880993C00C140C1 /* Hot_ProspectsApp.swift */; };
		C48A15172880993C00C140C1 /* ContentView.swift in Sources */ = {isa = PBXBuildFile; fileRef = C48A15162880993C00C140C1 /* ContentView.swift */; };
		C48A15192880994600C140C1 /* Assets.xcassets in Resources */ = {isa = PBXBuildFile; fileRef = C48A15182880994600C140C1 /* Assets.xcassets */; };
		C48A151C2880994600C140C1 /* Preview Assets.xcassets in Resources */ = {isa = PBXBuildFile; fileRef = C48A151B2880994600C140C1 /* Preview Assets.xcassets */; };
		C48A15232880999100C140C1 /* ProspectView.swift in Sources */ = {isa = PBXBuildFile; fileRef = C48A15222880999000C140C1 /* ProspectView.swift */; };
		C48A152528809A7000C140C1 /* MeView.swift in Sources */ = {isa = PBXBuildFile; fileRef = C48A152428809A7000C140C1 /* MeView.swift */; };
		C48A152728809A8400C140C1 /* Prospect.swift in Sources */ = {isa = PBXBuildFile; fileRef = C48A152628809A8400C140C1 /* Prospect.swift */; };
/* End PBXBuildFile section */

/* Begin PBXFileReference section */
		C45387D62885452F00AA0D4D /* Hot-Prospects-Info.plist */ = {isa = PBXFileReference; lastKnownFileType = text.plist; path = "Hot-Prospects-Info.plist"; sourceTree = SOURCE_ROOT; };
		C48A15112880993C00C140C1 /* Hot Prospects.app */ = {isa = PBXFileReference; explicitFileType = wrapper.application; includeInIndex = 0; path = "Hot Prospects.app"; sourceTree = BUILT_PRODUCTS_DIR; };
		C48A15142880993C00C140C1 /* Hot_ProspectsApp.swift */ = {isa = PBXFileReference; lastKnownFileType = sourcecode.swift; path = Hot_ProspectsApp.swift; sourceTree = "<group>"; };
		C48A15162880993C00C140C1 /* ContentView.swift */ = {isa = PBXFileReference; lastKnownFileType = sourcecode.swift; path = ContentView.swift; sourceTree = "<group>"; };
		C48A15182880994600C140C1 /* Assets.xcassets */ = {isa = PBXFileReference; lastKnownFileType = folder.assetcatalog; path = Assets.xcassets; sourceTree = "<group>"; };
		C48A151B2880994600C140C1 /* Preview Assets.xcassets */ = {isa = PBXFileReference; lastKnownFileType = folder.assetcatalog; path = "Preview Assets.xcassets"; sourceTree = "<group>"; };
		C48A15222880999000C140C1 /* ProspectView.swift */ = {isa = PBXFileReference; lastKnownFileType = sourcecode.swift; path = ProspectView.swift; sourceTree = "<group>"; };
		C48A152428809A7000C140C1 /* MeView.swift */ = {isa = PBXFileReference; lastKnownFileType = sourcecode.swift; path = MeView.swift; sourceTree = "<group>"; };
		C48A152628809A8400C140C1 /* Prospect.swift */ = {isa = PBXFileReference; lastKnownFileType = sourcecode.swift; path = Prospect.swift; sourceTree = "<group>"; };
/* End PBXFileReference section */

/* Begin PBXFrameworksBuildPhase section */
		C48A150E2880993C00C140C1 /* Frameworks */ = {
			isa = PBXFrameworksBuildPhase;
			buildActionMask = 2147483647;
			files = (
				C45387D52885438800AA0D4D /* CodeScanner in Frameworks */,
			);
			runOnlyForDeploymentPostprocessing = 0;
		};
/* End PBXFrameworksBuildPhase section */

/* Begin PBXGroup section */
		C48A15082880993C00C140C1 = {
			isa = PBXGroup;
			children = (
				C48A15132880993C00C140C1 /* Hot Prospects */,
				C48A15122880993C00C140C1 /* Products */,
			);
			sourceTree = "<group>";
		};
		C48A15122880993C00C140C1 /* Products */ = {
			isa = PBXGroup;
			children = (
				C48A15112880993C00C140C1 /* Hot Prospects.app */,
			);
			name = Products;
			sourceTree = "<group>";
		};
		C48A15132880993C00C140C1 /* Hot Prospects */ = {
			isa = PBXGroup;
			children = (
				C45387D62885452F00AA0D4D /* Hot-Prospects-Info.plist */,
				C48A15142880993C00C140C1 /* Hot_ProspectsApp.swift */,
				C48A15162880993C00C140C1 /* ContentView.swift */,
				C48A15222880999000C140C1 /* ProspectView.swift */,
				C48A152628809A8400C140C1 /* Prospect.swift */,
				C48A152428809A7000C140C1 /* MeView.swift */,
				C48A15182880994600C140C1 /* Assets.xcassets */,
				C48A151A2880994600C140C1 /* Preview Content */,
			);
			path = "Hot Prospects";
			sourceTree = "<group>";
		};
		C48A151A2880994600C140C1 /* Preview Content */ = {
			isa = PBXGroup;
			children = (
				C48A151B2880994600C140C1 /* Preview Assets.xcassets */,
			);
			path = "Preview Content";
			sourceTree = "<group>";
		};
/* End PBXGroup section */

/* Begin PBXNativeTarget section */
		C48A15102880993C00C140C1 /* Hot Prospects */ = {
			isa = PBXNativeTarget;
			buildConfigurationList = C48A151F2880994600C140C1 /* Build configuration list for PBXNativeTarget "Hot Prospects" */;
			buildPhases = (
				C48A150D2880993C00C140C1 /* Sources */,
				C48A150E2880993C00C140C1 /* Frameworks */,
				C48A150F2880993C00C140C1 /* Resources */,
			);
			buildRules = (
			);
			dependencies = (
			);
			name = "Hot Prospects";
			packageProductDependencies = (
				C45387D42885438800AA0D4D /* CodeScanner */,
			);
			productName = "Hot Prospects";
			productReference = C48A15112880993C00C140C1 /* Hot Prospects.app */;
			productType = "com.apple.product-type.application";
		};
/* End PBXNativeTarget section */

/* Begin PBXProject section */
		C48A15092880993C00C140C1 /* Project object */ = {
			isa = PBXProject;
			attributes = {
				BuildIndependentTargetsInParallel = 1;
				LastSwiftUpdateCheck = 1340;
				LastUpgradeCheck = 1340;
				TargetAttributes = {
					C48A15102880993C00C140C1 = {
						CreatedOnToolsVersion = 13.4.1;
					};
				};
			};
			buildConfigurationList = C48A150C2880993C00C140C1 /* Build configuration list for PBXProject "Hot Prospects" */;
			compatibilityVersion = "Xcode 13.0";
			developmentRegion = en;
			hasScannedForEncodings = 0;
			knownRegions = (
				en,
				Base,
			);
			mainGroup = C48A15082880993C00C140C1;
			packageReferences = (
				C45387D32885438800AA0D4D /* XCRemoteSwiftPackageReference "CodeScanner" */,
			);
			productRefGroup = C48A15122880993C00C140C1 /* Products */;
			projectDirPath = "";
			projectRoot = "";
			targets = (
				C48A15102880993C00C140C1 /* Hot Prospects */,
			);
		};
/* End PBXProject section */

/* Begin PBXResourcesBuildPhase section */
		C48A150F2880993C00C140C1 /* Resources */ = {
			isa = PBXResourcesBuildPhase;
			buildActionMask = 2147483647;
			files = (
				C48A151C2880994600C140C1 /* Preview Assets.xcassets in Resources */,
				C48A15192880994600C140C1 /* Assets.xcassets in Resources */,
			);
			runOnlyForDeploymentPostprocessing = 0;
		};
/* End PBXResourcesBuildPhase section */

/* Begin PBXSourcesBuildPhase section */
		C48A150D2880993C00C140C1 /* Sources */ = {
			isa = PBXSourcesBuildPhase;
			buildActionMask = 2147483647;
			files = (
				C48A152528809A7000C140C1 /* MeView.swift in Sources */,
				C48A152728809A8400C140C1 /* Prospect.swift in Sources */,
				C48A15232880999100C140C1 /* ProspectView.swift in Sources */,
				C48A15172880993C00C140C1 /* ContentView.swift in Sources */,
				C48A15152880993C00C140C1 /* Hot_ProspectsApp.swift in Sources */,
			);
			runOnlyForDeploymentPostprocessing = 0;
		};
/* End PBXSourcesBuildPhase section */

/* Begin XCBuildConfiguration section */
		C48A151D2880994600C140C1 /* Debug */ = {
			isa = XCBuildConfiguration;
			buildSettings = {
				ALWAYS_SEARCH_USER_PATHS = NO;
				CLANG_ANALYZER_NONNULL = YES;
				CLANG_ANALYZER_NUMBER_OBJECT_CONVERSION = YES_AGGRESSIVE;
				CLANG_CXX_LANGUAGE_STANDARD = "gnu++17";
				CLANG_ENABLE_MODULES = YES;
				CLANG_ENABLE_OBJC_ARC = YES;
				CLANG_ENABLE_OBJC_WEAK = YES;
				CLANG_WARN_BLOCK_CAPTURE_AUTORELEASING = YES;
				CLANG_WARN_BOOL_CONVERSION = YES;
				CLANG_WARN_COMMA = YES;
				CLANG_WARN_CONSTANT_CONVERSION = YES;
				CLANG_WARN_DEPRECATED_OBJC_IMPLEMENTATIONS = YES;
				CLANG_WARN_DIRECT_OBJC_ISA_USAGE = YES_ERROR;
				CLANG_WARN_DOCUMENTATION_COMMENTS = YES;
				CLANG_WARN_EMPTY_BODY = YES;
				CLANG_WARN_ENUM_CONVERSION = YES;
				CLANG_WARN_INFINITE_RECURSION = YES;
				CLANG_WARN_INT_CONVERSION = YES;
				CLANG_WARN_NON_LITERAL_NULL_CONVERSION = YES;
				CLANG_WARN_OBJC_IMPLICIT_RETAIN_SELF = YES;
				CLANG_WARN_OBJC_LITERAL_CONVERSION = YES;
				CLANG_WARN_OBJC_ROOT_CLASS = YES_ERROR;
				CLANG_WARN_QUOTED_INCLUDE_IN_FRAMEWORK_HEADER = YES;
				CLANG_WARN_RANGE_LOOP_ANALYSIS = YES;
				CLANG_WARN_STRICT_PROTOTYPES = YES;
				CLANG_WARN_SUSPICIOUS_MOVE = YES;
				CLANG_WARN_UNGUARDED_AVAILABILITY = YES_AGGRESSIVE;
				CLANG_WARN_UNREACHABLE_CODE = YES;
				CLANG_WARN__DUPLICATE_METHOD_MATCH = YES;
				COPY_PHASE_STRIP = NO;
				DEBUG_INFORMATION_FORMAT = dwarf;
				ENABLE_STRICT_OBJC_MSGSEND = YES;
				ENABLE_TESTABILITY = YES;
				GCC_C_LANGUAGE_STANDARD = gnu11;
				GCC_DYNAMIC_NO_PIC = NO;
				GCC_NO_COMMON_BLOCKS = YES;
				GCC_OPTIMIZATION_LEVEL = 0;
				GCC_PREPROCESSOR_DEFINITIONS = (
					"DEBUG=1",
					"$(inherited)",
				);
				GCC_WARN_64_TO_32_BIT_CONVERSION = YES;
				GCC_WARN_ABOUT_RETURN_TYPE = YES_ERROR;
				GCC_WARN_UNDECLARED_SELECTOR = YES;
				GCC_WARN_UNINITIALIZED_AUTOS = YES_AGGRESSIVE;
				GCC_WARN_UNUSED_FUNCTION = YES;
				GCC_WARN_UNUSED_VARIABLE = YES;
				IPHONEOS_DEPLOYMENT_TARGET = 15.5;
				MTL_ENABLE_DEBUG_INFO = INCLUDE_SOURCE;
				MTL_FAST_MATH = YES;
				ONLY_ACTIVE_ARCH = YES;
				SDKROOT = iphoneos;
				SWIFT_ACTIVE_COMPILATION_CONDITIONS = DEBUG;
				SWIFT_OPTIMIZATION_LEVEL = "-Onone";
			};
			name = Debug;
		};
		C48A151E2880994600C140C1 /* Release */ = {
			isa = XCBuildConfiguration;
			buildSettings = {
				ALWAYS_SEARCH_USER_PATHS = NO;
				CLANG_ANALYZER_NONNULL = YES;
				CLANG_ANALYZER_NUMBER_OBJECT_CONVERSION = YES_AGGRESSIVE;
				CLANG_CXX_LANGUAGE_STANDARD = "gnu++17";
				CLANG_ENABLE_MODULES = YES;
				CLANG_ENABLE_OBJC_ARC = YES;
				CLANG_ENABLE_OBJC_WEAK = YES;
				CLANG_WARN_BLOCK_CAPTURE_AUTORELEASING = YES;
				CLANG_WARN_BOOL_CONVERSION = YES;
				CLANG_WARN_COMMA = YES;
				CLANG_WARN_CONSTANT_CONVERSION = YES;
				CLANG_WARN_DEPRECATED_OBJC_IMPLEMENTATIONS = YES;
				CLANG_WARN_DIRECT_OBJC_ISA_USAGE = YES_ERROR;
				CLANG_WARN_DOCUMENTATION_COMMENTS = YES;
				CLANG_WARN_EMPTY_BODY = YES;
				CLANG_WARN_ENUM_CONVERSION = YES;
				CLANG_WARN_INFINITE_RECURSION = YES;
				CLANG_WARN_INT_CONVERSION = YES;
				CLANG_WARN_NON_LITERAL_NULL_CONVERSION = YES;
				CLANG_WARN_OBJC_IMPLICIT_RETAIN_SELF = YES;
				CLANG_WARN_OBJC_LITERAL_CONVERSION = YES;
				CLANG_WARN_OBJC_ROOT_CLASS = YES_ERROR;
				CLANG_WARN_QUOTED_INCLUDE_IN_FRAMEWORK_HEADER = YES;
				CLANG_WARN_RANGE_LOOP_ANALYSIS = YES;
				CLANG_WARN_STRICT_PROTOTYPES = YES;
				CLANG_WARN_SUSPICIOUS_MOVE = YES;
				CLANG_WARN_UNGUARDED_AVAILABILITY = YES_AGGRESSIVE;
				CLANG_WARN_UNREACHABLE_CODE = YES;
				CLANG_WARN__DUPLICATE_METHOD_MATCH = YES;
				COPY_PHASE_STRIP = NO;
				DEBUG_INFORMATION_FORMAT = "dwarf-with-dsym";
				ENABLE_NS_ASSERTIONS = NO;
				ENABLE_STRICT_OBJC_MSGSEND = YES;
				GCC_C_LANGUAGE_STANDARD = gnu11;
				GCC_NO_COMMON_BLOCKS = YES;
				GCC_WARN_64_TO_32_BIT_CONVERSION = YES;
				GCC_WARN_ABOUT_RETURN_TYPE = YES_ERROR;
				GCC_WARN_UNDECLARED_SELECTOR = YES;
				GCC_WARN_UNINITIALIZED_AUTOS = YES_AGGRESSIVE;
				GCC_WARN_UNUSED_FUNCTION = YES;
				GCC_WARN_UNUSED_VARIABLE = YES;
				IPHONEOS_DEPLOYMENT_TARGET = 15.5;
				MTL_ENABLE_DEBUG_INFO = NO;
				MTL_FAST_MATH = YES;
				SDKROOT = iphoneos;
				SWIFT_COMPILATION_MODE = wholemodule;
				SWIFT_OPTIMIZATION_LEVEL = "-O";
				VALIDATE_PRODUCT = YES;
			};
			name = Release;
		};
		C48A15202880994600C140C1 /* Debug */ = {
			isa = XCBuildConfiguration;
			buildSettings = {
				ASSETCATALOG_COMPILER_APPICON_NAME = AppIcon;
				ASSETCATALOG_COMPILER_GLOBAL_ACCENT_COLOR_NAME = AccentColor;
				CODE_SIGN_STYLE = Automatic;
				CURRENT_PROJECT_VERSION = 1;
				DEVELOPMENT_ASSET_PATHS = "\"Hot Prospects/Preview Content\"";
				DEVELOPMENT_TEAM = 4JQT6946YL;
				ENABLE_PREVIEWS = YES;
				GENERATE_INFOPLIST_FILE = YES;
				INFOPLIST_FILE = "Hot-Prospects-Info.plist";
				INFOPLIST_KEY_NSCameraUsageDescription = "We need to scan QR code";
				INFOPLIST_KEY_UIApplicationSceneManifest_Generation = YES;
				INFOPLIST_KEY_UIApplicationSupportsIndirectInputEvents = YES;
				INFOPLIST_KEY_UILaunchScreen_Generation = YES;
				INFOPLIST_KEY_UISupportedInterfaceOrientations_iPad = "UIInterfaceOrientationPortrait UIInterfaceOrientationPortraitUpsideDown UIInterfaceOrientationLandscapeLeft UIInterfaceOrientationLandscapeRight";
				INFOPLIST_KEY_UISupportedInterfaceOrientations_iPhone = "UIInterfaceOrientationPortrait UIInterfaceOrientationLandscapeLeft UIInterfaceOrientationLandscapeRight";
				LD_RUNPATH_SEARCH_PATHS = (
					"$(inherited)",
					"@executable_path/Frameworks",
				);
				MARKETING_VERSION = 1.0;
				PRODUCT_BUNDLE_IDENTIFIER = "com.app.Hot-Prospects";
				PRODUCT_NAME = "$(TARGET_NAME)";
				SWIFT_EMIT_LOC_STRINGS = YES;
				SWIFT_VERSION = 5.0;
				TARGETED_DEVICE_FAMILY = "1,2";
			};
			name = Debug;
		};
		C48A15212880994600C140C1 /* Release */ = {
			isa = XCBuildConfiguration;
			buildSettings = {
				ASSETCATALOG_COMPILER_APPICON_NAME = AppIcon;
				ASSETCATALOG_COMPILER_GLOBAL_ACCENT_COLOR_NAME = AccentColor;
				CODE_SIGN_STYLE = Automatic;
				CURRENT_PROJECT_VERSION = 1;
				DEVELOPMENT_ASSET_PATHS = "\"Hot Prospects/Preview Content\"";
				DEVELOPMENT_TEAM = 4JQT6946YL;
				ENABLE_PREVIEWS = YES;
				GENERATE_INFOPLIST_FILE = YES;
				INFOPLIST_FILE = "Hot-Prospects-Info.plist";
				INFOPLIST_KEY_NSCameraUsageDescription = "We need to scan QR code";
				INFOPLIST_KEY_UIApplicationSceneManifest_Generation = YES;
				INFOPLIST_KEY_UIApplicationSupportsIndirectInputEvents = YES;
				INFOPLIST_KEY_UILaunchScreen_Generation = YES;
				INFOPLIST_KEY_UISupportedInterfaceOrientations_iPad = "UIInterfaceOrientationPortrait UIInterfaceOrientationPortraitUpsideDown UIInterfaceOrientationLandscapeLeft UIInterfaceOrientationLandscapeRight";
				INFOPLIST_KEY_UISupportedInterfaceOrientations_iPhone = "UIInterfaceOrientationPortrait UIInterfaceOrientationLandscapeLeft UIInterfaceOrientationLandscapeRight";
				LD_RUNPATH_SEARCH_PATHS = (
					"$(inherited)",
					"@executable_path/Frameworks",
				);
				MARKETING_VERSION = 1.0;
				PRODUCT_BUNDLE_IDENTIFIER = "com.app.Hot-Prospects";
				PRODUCT_NAME = "$(TARGET_NAME)";
				SWIFT_EMIT_LOC_STRINGS = YES;
				SWIFT_VERSION = 5.0;
				TARGETED_DEVICE_FAMILY = "1,2";
			};
			name = Release;
		};
/* End XCBuildConfiguration section */

/* Begin XCConfigurationList section */
		C48A150C2880993C00C140C1 /* Build configuration list for PBXProject "Hot Prospects" */ = {
			isa = XCConfigurationList;
			buildConfigurations = (
				C48A151D2880994600C140C1 /* Debug */,
				C48A151E2880994600C140C1 /* Release */,
			);
			defaultConfigurationIsVisible = 0;
			defaultConfigurationName = Release;
		};
		C48A151F2880994600C140C1 /* Build configuration list for PBXNativeTarget "Hot Prospects" */ = {
			isa = XCConfigurationList;
			buildConfigurations = (
				C48A15202880994600C140C1 /* Debug */,
				C48A15212880994600C140C1 /* Release */,
			);
			defaultConfigurationIsVisible = 0;
			defaultConfigurationName = Release;
		};
/* End XCConfigurationList section */

/* Begin XCRemoteSwiftPackageReference section */
		C45387D32885438800AA0D4D /* XCRemoteSwiftPackageReference "CodeScanner" */ = {
			isa = XCRemoteSwiftPackageReference;
			repositoryURL = "https://github.com/twostraws/CodeScanner";
			requirement = {
				kind = upToNextMajorVersion;
				minimumVersion = 2.0.0;
			};
		};
/* End XCRemoteSwiftPackageReference section */

/* Begin XCSwiftPackageProductDependency section */
		C45387D42885438800AA0D4D /* CodeScanner */ = {
			isa = XCSwiftPackageProductDependency;
			package = C45387D32885438800AA0D4D /* XCRemoteSwiftPackageReference "CodeScanner" */;
			productName = CodeScanner;
		};
/* End XCSwiftPackageProductDependency section */
	};
	rootObject = C48A15092880993C00C140C1 /* Project object */;
}
